{
  "requires": true,
  "lockfileVersion": 1,
  "dependencies": {
    "expo-media-library": {
      "version": "7.0.0",
      "resolved": "https://registry.npmjs.org/expo-media-library/-/expo-media-library-7.0.0.tgz",
      "integrity": "sha512-qGqgvG5WS0OCbORMixUnkbPM+QgGsEfmuYFs/Xh5cGtqWDib+laVfe0qlee4BJ+h0F7n2rLFUnVxCFib0e5qQA=="
    }
  }
}
